dependencies:
- name: mariadb
  repository: oci://keppel.eu-de-1.cloud.sap/ccloud-helm
  version: 0.17.2
- name: memcached
  repository: oci://keppel.eu-de-1.cloud.sap/ccloud-helm
  version: 0.5.3
- name: mysql_metrics
  repository: oci://keppel.eu-de-1.cloud.sap/ccloud-helm
  version: 0.3.6
- name: rabbitmq
  repository: oci://keppel.eu-de-1.cloud.sap/ccloud-helm
  version: 0.15.0
- name: utils
  repository: oci://keppel.eu-de-1.cloud.sap/ccloud-helm
  version: 0.19.5
- name: owner-info
  repository: oci://keppel.eu-de-1.cloud.sap/ccloud-helm
  version: 1.0.0
- name: redis
  repository: oci://keppel.eu-de-1.cloud.sap/ccloud-helm
  version: 2.1.1
- name: linkerd-support
  repository: oci://keppel.eu-de-1.cloud.sap/ccloud-helm
  version: 1.0.0
digest: sha256:37cc493d36a7f326ae82ebd41ee7834d65f736771e79ea5dc0e141568f9c3b74
generated: "2025-03-07T12:43:01.066865+01:00"
