dependencies:
- name: pgbackup
  repository: https://charts.eu-de-2.cloud.sap
  version: 0.1.14
- name: pgmetrics
  repository: https://charts.eu-de-2.cloud.sap
  version: 0.4.2
- name: owner-info
  repository: https://charts.eu-de-2.cloud.sap
  version: 0.2.0
- name: postgresql
  repository: https://charts.eu-de-2.cloud.sap
  version: 0.3.0
- name: memcached
  repository: https://charts.eu-de-2.cloud.sap
  version: 0.1.4
- name: rabbitmq
  repository: https://charts.eu-de-2.cloud.sap
  version: 0.5.2
digest: sha256:da85fa5ff84272d29adce3d75a19bcfc830190a7bd2e218d0be8745ead5758ae
generated: "2023-09-29T15:52:34.342693+05:30"
